<?xml version="1.0" encoding="utf-8"?>
<Project ToolsVersion="4.0" xmlns="http://schemas.microsoft.com/developer/msbuild/2003">
  <ItemGroup>
    <ClCompile Include="RSPiX\Src\GREEN\BLiT\ScaleFlat.cpp" />
    <ClCompile Include="RSPiX\Src\GREEN\BLiT\alphablit.cpp" />
    <ClCompile Include="RSPiX\Src\GREEN\BLiT\BLIT.CPP" />
    <ClCompile Include="RSPiX\Src\GREEN\BLiT\BLITINIT.CPP" />
    <ClCompile Include="RSPiX\Src\GREEN\BLiT\BLiTT.cpp" />
    <ClCompile Include="RSPiX\Src\GREEN\BLiT\CFNT.cpp" />
    <ClCompile Include="RSPiX\Src\GREEN\BLiT\Fspr1.cpp" />
    <ClCompile Include="RSPiX\Src\GREEN\BLiT\FSPR8.cpp" />
    <ClCompile Include="RSPiX\Src\GREEN\BLiT\line.cpp" />
    <ClCompile Include="RSPiX\Src\GREEN\BLiT\mono.cpp" />
    <ClCompile Include="RSPiX\Src\GREEN\BLiT\Rotate96.cpp" />
    <ClCompile Include="RSPiX\Src\GREEN\BLiT\RPrint.cpp" />
  </ItemGroup>
  <ItemGroup>
    <ClInclude Include="RSPiX\Src\green\blit\alphablit.h" />
    <ClInclude Include="RSPiX\Src\GREEN\BLIT\BLiT.H" />
    <ClInclude Include="RSPiX\Src\green\blit\Cfnt.h" />
    <ClInclude Include="RSPiX\Src\green\blit\RPrint.h" />
    <ClInclude Include="RSPiX\Src\GREEN\BLiT\_BlitInt.H" />
  </ItemGroup>
</Project>