<?xml version="1.0" encoding="utf-8"?>
<Project ToolsVersion="4.0" xmlns="http://schemas.microsoft.com/developer/msbuild/2003">
  <ItemGroup>
    <ClCompile Include="RSPiX\Src\GREEN\3D\zbuffer.cpp" />
    <ClCompile Include="RSPiX\Src\GREEN\3D\pipeline.cpp" />
    <ClCompile Include="RSPiX\Src\GREEN\3D\render.cpp" />
    <ClCompile Include="RSPiX\Src\GREEN\3D\types3d.cpp" />
  </ItemGroup>
  <ItemGroup>
    <ClInclude Include="RSPiX\Src\green\3d\zbuffer.h" />
    <ClInclude Include="RSPiX\Src\green\3d\pipeline.h" />
    <ClInclude Include="RSPiX\Src\green\3d\render.h" />
    <ClInclude Include="RSPiX\Src\green\3d\types3d.h" />
  </ItemGroup>
</Project>