<?xml version="1.0" encoding="utf-8"?>
<Project ToolsVersion="4.0" xmlns="http://schemas.microsoft.com/developer/msbuild/2003">
  <ItemGroup>
    <ClCompile Include="RSPiX\Src\Blue\unix\Btime.cpp" />
    <ClCompile Include="RSPiX\Src\Blue\unix\Bdebug.cpp" />
    <ClCompile Include="RSPiX\Src\Blue\unix\Bdisp.cpp" />
    <ClCompile Include="RSPiX\Src\Blue\unix\Bjoy.cpp" />
    <ClCompile Include="RSPiX\Src\Blue\unix\Bkey.cpp" />
    <ClCompile Include="RSPiX\Src\Blue\unix\Bmain.cpp" />
    <ClCompile Include="RSPiX\Src\Blue\unix\Bmouse.cpp" />
    <ClCompile Include="RSPiX\Src\Blue\unix\Bsound.cpp" />
  </ItemGroup>
  <ItemGroup>
    <ClInclude Include="RSPiX\Src\BLUE\unix\UnixSystem.h" />
    <ClInclude Include="RSPiX\Src\BLUE\unix\UnixBlue.h" />
    <ClInclude Include="RSPiX\Src\BLUE\unix\UnixBlueKeys.h" />
  </ItemGroup>
</Project>