<?xml version="1.0" encoding="utf-8"?>
<Project ToolsVersion="4.0" xmlns="http://schemas.microsoft.com/developer/msbuild/2003">
  <ItemGroup>
    <Filter Include="Resource Files">
      <UniqueIdentifier>{206aa645-5ad9-43b8-b86d-3c73bba1e939}</UniqueIdentifier>
    </Filter>
    <Filter Include="Src">
      <UniqueIdentifier>{231acf55-0e92-455f-aaca-66282dcc00a4}</UniqueIdentifier>
    </Filter>
  </ItemGroup>
  <ItemGroup>
    <None Include="res\cursor1.cur">
      <Filter>Resource Files</Filter>
    </None>
    <None Include="Postal\Common\ladder.cpp">
      <Filter>Src</Filter>
    </None>
    <None Include="Postal\Common\ladder.h">
      <Filter>Src</Filter>
    </None>
  </ItemGroup>
  <ItemGroup>
    <Image Include="res\eye.ico">
      <Filter>Resource Files</Filter>
    </Image>
    <Image Include="res\guy.ico">
      <Filter>Resource Files</Filter>
    </Image>
    <Image Include="res\mouth.ico">
      <Filter>Resource Files</Filter>
    </Image>
    <Image Include="res\rws.ico">
      <Filter>Resource Files</Filter>
    </Image>
    <Image Include="res\sign.ico">
      <Filter>Resource Files</Filter>
    </Image>
    <Image Include="res\skull.ico">
      <Filter>Resource Files</Filter>
    </Image>
    <Image Include="res\teeth.ico">
      <Filter>Resource Files</Filter>
    </Image>
  </ItemGroup>
  <ItemGroup>
    <Text Include="Postal Overview.txt" />
  </ItemGroup>
  <ItemGroup>
    <ResourceCompile Include="res\Postal.rc" />
  </ItemGroup>
  <ItemGroup>
    <ClInclude Include="Postal\Common\alpha.h">
      <Filter>Src</Filter>
    </ClInclude>
    <ClInclude Include="Postal\Common\AlphaAnimType.h">
      <Filter>Src</Filter>
    </ClInclude>
    <ClInclude Include="Postal\Common\alphablitforpostal.h">
      <Filter>Src</Filter>
    </ClInclude>
    <ClInclude Include="Postal\Common\Anim3D.h">
      <Filter>Src</Filter>
    </ClInclude>
    <ClInclude Include="Postal\Common\AnimThing.h">
      <Filter>Src</Filter>
    </ClInclude>
    <ClInclude Include="Postal\Common\Average.h">
      <Filter>Src</Filter>
    </ClInclude>
    <ClInclude Include="Postal\Common\ball.h">
      <Filter>Src</Filter>
    </ClInclude>
    <ClInclude Include="Postal\Common\barrel.h">
      <Filter>Src</Filter>
    </ClInclude>
    <ClInclude Include="Postal\Common\bouy.h">
      <Filter>Src</Filter>
    </ClInclude>
    <ClInclude Include="Postal\Common\BufQ.h">
      <Filter>Src</Filter>
    </ClInclude>
    <ClInclude Include="Postal\Common\bulletFest.h">
      <Filter>Src</Filter>
    </ClInclude>
    <ClInclude Include="Postal\Common\camera.h">
      <Filter>Src</Filter>
    </ClInclude>
    <ClInclude Include="Postal\Common\CapFlag_Gskirts.h">
      <Filter>Src</Filter>
    </ClInclude>
    <ClInclude Include="Postal\Common\character.h">
      <Filter>Src</Filter>
    </ClInclude>
    <ClInclude Include="Postal\Common\chunk.h">
      <Filter>Src</Filter>
    </ClInclude>
    <ClInclude Include="Postal\Common\collision.h">
      <Filter>Src</Filter>
    </ClInclude>
    <ClInclude Include="Postal\Common\CompileOptions.h">
      <Filter>Src</Filter>
    </ClInclude>
    <ClInclude Include="Postal\Common\crawler.h">
      <Filter>Src</Filter>
    </ClInclude>
    <ClInclude Include="Postal\Common\CtrlBuf.h">
      <Filter>Src</Filter>
    </ClInclude>
    <ClInclude Include="Postal\Common\cutscene.h">
      <Filter>Src</Filter>
    </ClInclude>
    <ClInclude Include="Postal\Common\deathWad.h">
      <Filter>Src</Filter>
    </ClInclude>
    <ClInclude Include="Postal\Common\demon.h">
      <Filter>Src</Filter>
    </ClInclude>
    <ClInclude Include="Postal\Common\dispenser.h">
      <Filter>Src</Filter>
    </ClInclude>
    <ClInclude Include="Postal\Common\doofus.h">
      <Filter>Src</Filter>
    </ClInclude>
    <ClInclude Include="Postal\Common\dude.h">
      <Filter>Src</Filter>
    </ClInclude>
    <ClInclude Include="Postal\Common\Econsite.h">
      <Filter>Src</Filter>
    </ClInclude>
    <ClInclude Include="Postal\Common\encrypt.h">
      <Filter>Src</Filter>
    </ClInclude>
    <ClInclude Include="Postal\Common\Eskirts.h">
      <Filter>Src</Filter>
    </ClInclude>
    <ClInclude Include="Postal\Common\explode.h">
      <Filter>Src</Filter>
    </ClInclude>
    <ClInclude Include="Postal\Common\fire.h">
      <Filter>Src</Filter>
    </ClInclude>
    <ClInclude Include="Postal\Common\fireball.h">
      <Filter>Src</Filter>
    </ClInclude>
    <ClInclude Include="Postal\Common\firebomb.h">
      <Filter>Src</Filter>
    </ClInclude>
    <ClInclude Include="Postal\Common\flag.h">
      <Filter>Src</Filter>
    </ClInclude>
    <ClInclude Include="Postal\Common\flagbase.h">
      <Filter>Src</Filter>
    </ClInclude>
    <ClInclude Include="Postal\Common\forceinclude.h">
      <Filter>Src</Filter>
    </ClInclude>
    <ClInclude Include="Postal\Common\gameedit.h">
      <Filter>Src</Filter>
    </ClInclude>
    <ClInclude Include="Postal\Common\GameSettings.h">
      <Filter>Src</Filter>
    </ClInclude>
    <ClInclude Include="Postal\Common\Gconsite.h">
      <Filter>Src</Filter>
    </ClInclude>
    <ClInclude Include="Postal\Common\Goal_Gskirts.h">
      <Filter>Src</Filter>
    </ClInclude>
    <ClInclude Include="Postal\Common\goaltimer.h">
      <Filter>Src</Filter>
    </ClInclude>
    <ClInclude Include="Postal\Common\grenade.h">
      <Filter>Src</Filter>
    </ClInclude>
    <ClInclude Include="Postal\Common\grip.h">
      <Filter>Src</Filter>
    </ClInclude>
    <ClInclude Include="Postal\Common\Hconsite.h">
      <Filter>Src</Filter>
    </ClInclude>
    <ClInclude Include="Postal\Common\heatseeker.h">
      <Filter>Src</Filter>
    </ClInclude>
    <ClInclude Include="Postal\Common\hood.h">
      <Filter>Src</Filter>
    </ClInclude>
    <ClInclude Include="Postal\Common\Hskirts.h">
      <Filter>Src</Filter>
    </ClInclude>
    <ClInclude Include="Postal\Common\IdBank.h">
      <Filter>Src</Filter>
    </ClInclude>
    <ClInclude Include="Postal\Common\InputSettings.h">
      <Filter>Src</Filter>
    </ClInclude>
    <ClInclude Include="Postal\Common\InputSettingsDlg.h">
      <Filter>Src</Filter>
    </ClInclude>
    <ClInclude Include="Postal\Common\item3d.h">
      <Filter>Src</Filter>
    </ClInclude>
    <ClInclude Include="Postal\Common\keys.h">
      <Filter>Src</Filter>
    </ClInclude>
    <ClInclude Include="Postal\Common\Log.h">
      <Filter>Src</Filter>
    </ClInclude>
    <ClInclude Include="Postal\Common\logtab.h">
      <Filter>Src</Filter>
    </ClInclude>
    <ClInclude Include="Postal\Common\Mconsite.h">
      <Filter>Src</Filter>
    </ClInclude>
    <ClInclude Include="Postal\Common\MemFileFest.h">
      <Filter>Src</Filter>
    </ClInclude>
    <ClInclude Include="Postal\Common\MenuSettings.h">
      <Filter>Src</Filter>
    </ClInclude>
    <ClInclude Include="Postal\Common\MenuTrans.h">
      <Filter>Src</Filter>
    </ClInclude>
    <ClInclude Include="Postal\Common\message.h">
      <Filter>Src</Filter>
    </ClInclude>
    <ClInclude Include="Postal\Common\mine.h">
      <Filter>Src</Filter>
    </ClInclude>
    <ClInclude Include="Postal\Common\Mpskirts.h">
      <Filter>Src</Filter>
    </ClInclude>
    <ClInclude Include="Postal\Common\Mskirts.h">
      <Filter>Src</Filter>
    </ClInclude>
    <ClInclude Include="Postal\Common\napalm.h">
      <Filter>Src</Filter>
    </ClInclude>
    <ClInclude Include="Postal\Common\navnet.h">
      <Filter>Src</Filter>
    </ClInclude>
    <ClInclude Include="Postal\Common\net.h">
      <Filter>Src</Filter>
    </ClInclude>
    <ClInclude Include="Postal\Common\netbrowse.h">
      <Filter>Src</Filter>
    </ClInclude>
    <ClInclude Include="Postal\Common\netclient.h">
      <Filter>Src</Filter>
    </ClInclude>
    <ClInclude Include="Postal\Common\NetDlg.h">
      <Filter>Src</Filter>
    </ClInclude>
    <ClInclude Include="Postal\Common\NetInput.h">
      <Filter>Src</Filter>
    </ClInclude>
    <ClInclude Include="Postal\Common\netmsgr.h">
      <Filter>Src</Filter>
    </ClInclude>
    <ClInclude Include="Postal\Common\netserver.h">
      <Filter>Src</Filter>
    </ClInclude>
    <ClInclude Include="Postal\Common\organ.h">
      <Filter>Src</Filter>
    </ClInclude>
    <ClInclude Include="Postal\Common\ostrich.h">
      <Filter>Src</Filter>
    </ClInclude>
    <ClInclude Include="Postal\Common\Pconsite.h">
      <Filter>Src</Filter>
    </ClInclude>
    <ClInclude Include="Postal\Common\person.h">
      <Filter>Src</Filter>
    </ClInclude>
    <ClInclude Include="Postal\Common\personatorium.h">
      <Filter>Src</Filter>
    </ClInclude>
    <ClInclude Include="Postal\Common\PostalAttrib.h">
      <Filter>Src</Filter>
    </ClInclude>
    <ClInclude Include="Postal\Common\PostalPrefix.h">
      <Filter>Src</Filter>
    </ClInclude>
    <ClInclude Include="Postal\Common\PostalPrefixD.h">
      <Filter>Src</Filter>
    </ClInclude>
    <ClInclude Include="Postal\Common\PostalPrefixFrench.h">
      <Filter>Src</Filter>
    </ClInclude>
    <ClInclude Include="Postal\Common\PostalPrefixFrenchD.h">
      <Filter>Src</Filter>
    </ClInclude>
    <ClInclude Include="Postal\Common\PostalPrefixGerman.h">
      <Filter>Src</Filter>
    </ClInclude>
    <ClInclude Include="Postal\Common\PostalPrefixGermanD.h">
      <Filter>Src</Filter>
    </ClInclude>
    <ClInclude Include="Postal\Common\PostalPrefixUK.h">
      <Filter>Src</Filter>
    </ClInclude>
    <ClInclude Include="Postal\Common\PostalPrefixUKD.h">
      <Filter>Src</Filter>
    </ClInclude>
    <ClInclude Include="Postal\Common\PostalPrefixUS.h">
      <Filter>Src</Filter>
    </ClInclude>
    <ClInclude Include="Postal\Common\PostalPrefixUSD.h">
      <Filter>Src</Filter>
    </ClInclude>
    <ClInclude Include="Postal\Common\PowerUp.h">
      <Filter>Src</Filter>
    </ClInclude>
    <ClInclude Include="Postal\Common\ProtoBSDIP.h">
      <Filter>Src</Filter>
    </ClInclude>
    <ClInclude Include="Postal\Common\pylon.h">
      <Filter>Src</Filter>
    </ClInclude>
    <ClInclude Include="Postal\Common\reality.h">
      <Filter>Src</Filter>
    </ClInclude>
    <ClInclude Include="Postal\Common\realm.h">
      <Filter>Src</Filter>
    </ClInclude>
    <ClInclude Include="Postal\Common\rocket.h">
      <Filter>Src</Filter>
    </ClInclude>
    <ClInclude Include="Postal\Common\RSPiXPrefix.h">
      <Filter>Src</Filter>
    </ClInclude>
    <ClInclude Include="Postal\Common\RSPiXPrefixD.h">
      <Filter>Src</Filter>
    </ClInclude>
    <ClInclude Include="Postal\Common\scene.h">
      <Filter>Src</Filter>
    </ClInclude>
    <ClInclude Include="Postal\Common\score.h">
      <Filter>Src</Filter>
    </ClInclude>
    <ClInclude Include="Postal\Common\sentry.h">
      <Filter>Src</Filter>
    </ClInclude>
    <ClInclude Include="Postal\Common\settings.h">
      <Filter>Src</Filter>
    </ClInclude>
    <ClInclude Include="Postal\Common\smash.h">
      <Filter>Src</Filter>
    </ClInclude>
    <ClInclude Include="Postal\Common\SndRelay.h">
      <Filter>Src</Filter>
    </ClInclude>
    <ClInclude Include="Postal\Common\socket.h">
      <Filter>Src</Filter>
    </ClInclude>
    <ClInclude Include="Postal\Common\SoundThing.h">
      <Filter>Src</Filter>
    </ClInclude>
    <ClInclude Include="Postal\Common\sprites.h">
      <Filter>Src</Filter>
    </ClInclude>
    <ClInclude Include="Postal\Common\StockPile.h">
      <Filter>Src</Filter>
    </ClInclude>
    <ClInclude Include="Postal\Common\TexEdit.h">
      <Filter>Src</Filter>
    </ClInclude>
    <ClInclude Include="Postal\Common\thing.h">
      <Filter>Src</Filter>
    </ClInclude>
    <ClInclude Include="Postal\Common\Thing3d.h">
      <Filter>Src</Filter>
    </ClInclude>
    <ClInclude Include="Postal\Common\toolbar.h">
      <Filter>Src</Filter>
    </ClInclude>
    <ClInclude Include="Postal\Common\trigger.h">
      <Filter>Src</Filter>
    </ClInclude>
    <ClInclude Include="Postal\Common\TriggerRegions.h">
      <Filter>Src</Filter>
    </ClInclude>
    <ClInclude Include="Postal\Common\TriggerRgn.h">
      <Filter>Src</Filter>
    </ClInclude>
    <ClInclude Include="Postal\Common\update.h">
      <Filter>Src</Filter>
    </ClInclude>
    <ClInclude Include="Postal\Common\w_dirent.h">
      <Filter>Src</Filter>
    </ClInclude>
    <ClInclude Include="Postal\Common\warp.h">
      <Filter>Src</Filter>
    </ClInclude>
    <ClInclude Include="Postal\Common\weapon.h">
      <Filter>Src</Filter>
    </ClInclude>
    <ClInclude Include="Postal\Common\yatime.h">
      <Filter>Src</Filter>
    </ClInclude>
  </ItemGroup>
  <ItemGroup>
    <ClCompile Include="Postal\Common\saktool.c">
      <Filter>Src</Filter>
    </ClCompile>
    <ClCompile Include="Postal\Common\alpha.cpp">
      <Filter>Src</Filter>
    </ClCompile>
    <ClCompile Include="Postal\Common\alphablitforpostal.cpp">
      <Filter>Src</Filter>
    </ClCompile>
    <ClCompile Include="Postal\Common\Anim3D.cpp">
      <Filter>Src</Filter>
    </ClCompile>
    <ClCompile Include="Postal\Common\AnimThing.cpp">
      <Filter>Src</Filter>
    </ClCompile>
    <ClCompile Include="Postal\Common\ball.cpp">
      <Filter>Src</Filter>
    </ClCompile>
    <ClCompile Include="Postal\Common\barrel.cpp">
      <Filter>Src</Filter>
    </ClCompile>
    <ClCompile Include="Postal\Common\bouy.cpp">
      <Filter>Src</Filter>
    </ClCompile>
    <ClCompile Include="Postal\Common\BufQ.cpp">
      <Filter>Src</Filter>
    </ClCompile>
    <ClCompile Include="Postal\Common\bulletFest.cpp">
      <Filter>Src</Filter>
    </ClCompile>
    <ClCompile Include="Postal\Common\camera.cpp">
      <Filter>Src</Filter>
    </ClCompile>
    <ClCompile Include="Postal\Common\character.cpp">
      <Filter>Src</Filter>
    </ClCompile>
    <ClCompile Include="Postal\Common\chunk.cpp">
      <Filter>Src</Filter>
    </ClCompile>
    <ClCompile Include="Postal\Common\crawler.cpp">
      <Filter>Src</Filter>
    </ClCompile>
    <ClCompile Include="Postal\Common\cutscene.cpp">
      <Filter>Src</Filter>
    </ClCompile>
    <ClCompile Include="Postal\Common\deathWad.cpp">
      <Filter>Src</Filter>
    </ClCompile>
    <ClCompile Include="Postal\Common\demon.cpp">
      <Filter>Src</Filter>
    </ClCompile>
    <ClCompile Include="Postal\Common\dispenser.cpp">
      <Filter>Src</Filter>
    </ClCompile>
    <ClCompile Include="Postal\Common\doofus.cpp">
      <Filter>Src</Filter>
    </ClCompile>
    <ClCompile Include="Postal\Common\dude.cpp">
      <Filter>Src</Filter>
    </ClCompile>
    <ClCompile Include="Postal\Common\encrypt.cpp">
      <Filter>Src</Filter>
    </ClCompile>
    <ClCompile Include="Postal\Common\explode.cpp">
      <Filter>Src</Filter>
    </ClCompile>
    <ClCompile Include="Postal\Common\fire.cpp">
      <Filter>Src</Filter>
    </ClCompile>
    <ClCompile Include="Postal\Common\fireball.cpp">
      <Filter>Src</Filter>
    </ClCompile>
    <ClCompile Include="Postal\Common\firebomb.cpp">
      <Filter>Src</Filter>
    </ClCompile>
    <ClCompile Include="Postal\Common\flag.cpp">
      <Filter>Src</Filter>
    </ClCompile>
    <ClCompile Include="Postal\Common\flagbase.cpp">
      <Filter>Src</Filter>
    </ClCompile>
    <ClCompile Include="Postal\Common\gameedit.cpp">
      <Filter>Src</Filter>
    </ClCompile>
    <ClCompile Include="Postal\Common\GameSettings.cpp">
      <Filter>Src</Filter>
    </ClCompile>
    <ClCompile Include="Postal\Common\goaltimer.cpp">
      <Filter>Src</Filter>
    </ClCompile>
    <ClCompile Include="Postal\Common\grenade.cpp">
      <Filter>Src</Filter>
    </ClCompile>
    <ClCompile Include="Postal\Common\grip.cpp">
      <Filter>Src</Filter>
    </ClCompile>
    <ClCompile Include="Postal\Common\heatseeker.cpp">
      <Filter>Src</Filter>
    </ClCompile>
    <ClCompile Include="Postal\Common\hood.cpp">
      <Filter>Src</Filter>
    </ClCompile>
    <ClCompile Include="Postal\Common\IdBank.cpp">
      <Filter>Src</Filter>
    </ClCompile>
    <ClCompile Include="Postal\Common\InputSettings.cpp">
      <Filter>Src</Filter>
    </ClCompile>
    <ClCompile Include="Postal\Common\InputSettingsDlg.cpp">
      <Filter>Src</Filter>
    </ClCompile>
    <ClCompile Include="Postal\Common\item3d.cpp">
      <Filter>Src</Filter>
    </ClCompile>
    <ClCompile Include="Postal\Common\keys.cpp">
      <Filter>Src</Filter>
    </ClCompile>
    <ClCompile Include="Postal\Common\Log.cpp">
      <Filter>Src</Filter>
    </ClCompile>
    <ClCompile Include="Postal\Common\logtab.cpp">
      <Filter>Src</Filter>
    </ClCompile>
    <ClCompile Include="Postal\Common\malphagen.cpp">
      <Filter>Src</Filter>
    </ClCompile>
    <ClCompile Include="Postal\Common\MemFileFest.cpp">
      <Filter>Src</Filter>
    </ClCompile>
    <ClCompile Include="Postal\Common\MenuSettings.cpp">
      <Filter>Src</Filter>
    </ClCompile>
    <ClCompile Include="Postal\Common\MenuTrans.cpp">
      <Filter>Src</Filter>
    </ClCompile>
    <ClCompile Include="Postal\Common\mine.cpp">
      <Filter>Src</Filter>
    </ClCompile>
    <ClCompile Include="Postal\Common\napalm.cpp">
      <Filter>Src</Filter>
    </ClCompile>
    <ClCompile Include="Postal\Common\navnet.cpp">
      <Filter>Src</Filter>
    </ClCompile>
    <ClCompile Include="Postal\Common\net.cpp">
      <Filter>Src</Filter>
    </ClCompile>
    <ClCompile Include="Postal\Common\NetBrowse.cpp">
      <Filter>Src</Filter>
    </ClCompile>
    <ClCompile Include="Postal\Common\NetClient.cpp">
      <Filter>Src</Filter>
    </ClCompile>
    <ClCompile Include="Postal\Common\NetDlg.cpp">
      <Filter>Src</Filter>
    </ClCompile>
    <ClCompile Include="Postal\Common\netmsgr.cpp">
      <Filter>Src</Filter>
    </ClCompile>
    <ClCompile Include="Postal\Common\NetServer.cpp">
      <Filter>Src</Filter>
    </ClCompile>
    <ClCompile Include="Postal\Common\organ.cpp">
      <Filter>Src</Filter>
    </ClCompile>
    <ClCompile Include="Postal\Common\ostrich.cpp">
      <Filter>Src</Filter>
    </ClCompile>
    <ClCompile Include="Postal\Common\person.cpp">
      <Filter>Src</Filter>
    </ClCompile>
    <ClCompile Include="Postal\Common\Personatorium.cpp">
      <Filter>Src</Filter>
    </ClCompile>
    <ClCompile Include="Postal\Common\PowerUp.cpp">
      <Filter>Src</Filter>
    </ClCompile>
    <ClCompile Include="Postal\Common\ProtoBSDIP.cpp">
      <Filter>Src</Filter>
    </ClCompile>
    <ClCompile Include="Postal\Common\pylon.cpp">
      <Filter>Src</Filter>
    </ClCompile>
    <ClCompile Include="Postal\Common\realm.cpp">
      <Filter>Src</Filter>
    </ClCompile>
    <ClCompile Include="Postal\Common\rocket.cpp">
      <Filter>Src</Filter>
    </ClCompile>
    <ClCompile Include="Postal\Common\RSPiX.cpp">
      <Filter>Src</Filter>
    </ClCompile>
    <ClCompile Include="Postal\Common\scene.cpp">
      <Filter>Src</Filter>
    </ClCompile>
    <ClCompile Include="Postal\Common\score.cpp">
      <Filter>Src</Filter>
    </ClCompile>
    <ClCompile Include="Postal\Common\sentry.cpp">
      <Filter>Src</Filter>
    </ClCompile>
    <ClCompile Include="Postal\Common\settings.cpp">
      <Filter>Src</Filter>
    </ClCompile>
    <ClCompile Include="Postal\Common\smash.cpp">
      <Filter>Src</Filter>
    </ClCompile>
    <ClCompile Include="Postal\Common\SndRelay.cpp">
      <Filter>Src</Filter>
    </ClCompile>
    <ClCompile Include="Postal\Common\socket.cpp">
      <Filter>Src</Filter>
    </ClCompile>
    <ClCompile Include="Postal\Common\SoundThing.cpp">
      <Filter>Src</Filter>
    </ClCompile>
    <ClCompile Include="Postal\Common\StockPile.cpp">
      <Filter>Src</Filter>
    </ClCompile>
    <ClCompile Include="Postal\Common\TexEdit.cpp">
      <Filter>Src</Filter>
    </ClCompile>
    <ClCompile Include="Postal\Common\thing.cpp">
      <Filter>Src</Filter>
    </ClCompile>
    <ClCompile Include="Postal\Common\Thing3d.cpp">
      <Filter>Src</Filter>
    </ClCompile>
    <ClCompile Include="Postal\Common\toolbar.cpp">
      <Filter>Src</Filter>
    </ClCompile>
    <ClCompile Include="Postal\Common\trigger.cpp">
      <Filter>Src</Filter>
    </ClCompile>
    <ClCompile Include="Postal\Common\TriggerRegions.cpp">
      <Filter>Src</Filter>
    </ClCompile>
    <ClCompile Include="Postal\Common\update.cpp">
      <Filter>Src</Filter>
    </ClCompile>
    <ClCompile Include="Postal\Common\warp.cpp">
      <Filter>Src</Filter>
    </ClCompile>
    <ClCompile Include="Postal\Common\weapon.cpp">
      <Filter>Src</Filter>
    </ClCompile>
    <ClCompile Include="Postal\Common\yatime.cpp">
      <Filter>Src</Filter>
    </ClCompile>
  </ItemGroup>
</Project>