<?xml version="1.0" encoding="utf-8"?>
<Project ToolsVersion="4.0" xmlns="http://schemas.microsoft.com/developer/msbuild/2003">
  <ItemGroup>
    <ClCompile Include="WishPiX\Spry\spry.cpp" />
    <ClCompile Include="WishPiX\Menu\menu.cpp" />
    <ClCompile Include="WishPiX\Prefs\prefline.cpp" />
    <ClCompile Include="WishPiX\Prefs\prefs.cpp" />
    <ClCompile Include="WishPiX\ResourceManager\resmgr.cpp" />
  </ItemGroup>
  <ItemGroup>
    <ClInclude Include="WishPiX\Spry\spry.h" />
    <ClInclude Include="WishPiX\Menu\menu.h" />
    <ClInclude Include="WishPiX\Prefs\prefline.h" />
    <ClInclude Include="WishPiX\Prefs\prefs.h" />
    <ClInclude Include="WishPiX\ResourceManager\resmgr.h" />
  </ItemGroup>
</Project>